// !$*UTF8*$!
{
	archiveVersion = 1;
	classes = {
	};
	objectVersion = 51;
	objects = {

/* Begin PBXBuildFile section */
		0A03483623166C2D00552F69 /* DiscussionTableViewController.swift in Sources */ = {isa = PBXBuildFile; fileRef = 0A03483523166C2D00552F69 /* DiscussionTableViewController.swift */; };
		0A2B472C23083C1A005879D6 /* SearchViewController.swift in Sources */ = {isa = PBXBuildFile; fileRef = 0A2B472B23083C1A005879D6 /* SearchViewController.swift */; };
		0A2FD035236059A800917BE7 /* Regex.swift in Sources */ = {isa = PBXBuildFile; fileRef = 0A2FD034236059A800917BE7 /* Regex.swift */; };
		0A2FD03823619E9A00917BE7 /* ExtrasTableViewCell.swift in Sources */ = {isa = PBXBuildFile; fileRef = 0A2FD03623619E9A00917BE7 /* ExtrasTableViewCell.swift */; };
		0A2FD03923619E9A00917BE7 /* ExtrasTableViewCell.xib in Resources */ = {isa = PBXBuildFile; fileRef = 0A2FD03723619E9A00917BE7 /* ExtrasTableViewCell.xib */; };
		0A3DEAF322FDCA69001B6BFD /* AppDelegate.swift in Sources */ = {isa = PBXBuildFile; fileRef = 0A3DEAF222FDCA69001B6BFD /* AppDelegate.swift */; };
		0A3DEAF522FDCA69001B6BFD /* LoginViewController.swift in Sources */ = {isa = PBXBuildFile; fileRef = 0A3DEAF422FDCA69001B6BFD /* LoginViewController.swift */; };
		0A3DEAFD22FDCA6A001B6BFD /* LaunchScreen.storyboard in Resources */ = {isa = PBXBuildFile; fileRef = 0A3DEAFB22FDCA6A001B6BFD /* LaunchScreen.storyboard */; };
		0A3DEB0622FDCD26001B6BFD /* SF-Pro-Display-Heavy.otf in Resources */ = {isa = PBXBuildFile; fileRef = 0A3DEB0522FDCD26001B6BFD /* SF-Pro-Display-Heavy.otf */; };
		0A4AF7B423819C0100C6EBA1 /* BackgroundFetch.swift in Sources */ = {isa = PBXBuildFile; fileRef = 0A4AF7B323819C0100C6EBA1 /* BackgroundFetch.swift */; };
		0A54509423E48025009B8177 /* DiscussionTableViewCell.swift in Sources */ = {isa = PBXBuildFile; fileRef = 0A54509223E48025009B8177 /* DiscussionTableViewCell.swift */; };
		0A54509523E48025009B8177 /* DiscussionTableViewCell.xib in Resources */ = {isa = PBXBuildFile; fileRef = 0A54509323E48025009B8177 /* DiscussionTableViewCell.xib */; };
		0A585453230168E7008FB370 /* Constants.swift in Sources */ = {isa = PBXBuildFile; fileRef = 0A585452230168E7008FB370 /* Constants.swift */; };
		0A5ECD7C2306A98800723365 /* AboutPageViewController.swift in Sources */ = {isa = PBXBuildFile; fileRef = 0A5ECD7B2306A98800723365 /* AboutPageViewController.swift */; };
		0A5ECD7E2306B23000723365 /* Discussion.swift in Sources */ = {isa = PBXBuildFile; fileRef = 0A5ECD7D2306B23000723365 /* Discussion.swift */; };
		0A646D7A23D188150023572B /* Colours.swift in Sources */ = {isa = PBXBuildFile; fileRef = 0A646D7923D188150023572B /* Colours.swift */; };
		0A67E5DC23091B4700E18E99 /* EnrolmentViewController.swift in Sources */ = {isa = PBXBuildFile; fileRef = 0A67E5DB23091B4700E18E99 /* EnrolmentViewController.swift */; };
		0A7F90BC2300753E00683867 /* DashboardViewController.swift in Sources */ = {isa = PBXBuildFile; fileRef = 0A7F90BB2300753E00683867 /* DashboardViewController.swift */; };
		0A8E02D72300207900724899 /* User.swift in Sources */ = {isa = PBXBuildFile; fileRef = 0A8E02D62300207900724899 /* User.swift */; };
		0A8EFC6523100F9D00CD6BAD /* Reachability.swift in Sources */ = {isa = PBXBuildFile; fileRef = 0A8EFC6423100F9D00CD6BAD /* Reachability.swift */; };
		0A8F492B23313A3800E7A94C /* AddDiscussionViewController.swift in Sources */ = {isa = PBXBuildFile; fileRef = 0A8F492A23313A3800E7A94C /* AddDiscussionViewController.swift */; };
		0A9A960B23572E93004ABB2F /* CBTabBarButton.swift in Sources */ = {isa = PBXBuildFile; fileRef = 0A9A960823572E93004ABB2F /* CBTabBarButton.swift */; };
		0A9A960C23572E93004ABB2F /* BubbleTabBar.swift in Sources */ = {isa = PBXBuildFile; fileRef = 0A9A960923572E93004ABB2F /* BubbleTabBar.swift */; };
		0A9A960D23572E93004ABB2F /* BubbleTabBarController.swift in Sources */ = {isa = PBXBuildFile; fileRef = 0A9A960A23572E93004ABB2F /* BubbleTabBarController.swift */; };
		0AC33B642302153C004AE385 /* Course.swift in Sources */ = {isa = PBXBuildFile; fileRef = 0AC33B632302153C004AE385 /* Course.swift */; };
		0AC33B6723022453004AE385 /* Assets.xcassets in Resources */ = {isa = PBXBuildFile; fileRef = 0AC33B6623022453004AE385 /* Assets.xcassets */; };
		0AC33B6923022B2C004AE385 /* CourseContentsViewController.swift in Sources */ = {isa = PBXBuildFile; fileRef = 0AC33B6823022B2C004AE385 /* CourseContentsViewController.swift */; };
		0AC33B6B2302EDD6004AE385 /* CourseSection.swift in Sources */ = {isa = PBXBuildFile; fileRef = 0AC33B6A2302EDD6004AE385 /* CourseSection.swift */; };
		0AC33B6D2302EF18004AE385 /* Module.swift in Sources */ = {isa = PBXBuildFile; fileRef = 0AC33B6C2302EF18004AE385 /* Module.swift */; };
		0AC33B6F2304306C004AE385 /* ModuleViewController.swift in Sources */ = {isa = PBXBuildFile; fileRef = 0AC33B6E2304306C004AE385 /* ModuleViewController.swift */; };
		0AF20A2F230B2F17001C0CB1 /* ExtrasTableViewController.swift in Sources */ = {isa = PBXBuildFile; fileRef = 0AF20A2E230B2F17001C0CB1 /* ExtrasTableViewController.swift */; };
		0AF20A32230B3D9F001C0CB1 /* SiteNewsTableViewController.swift in Sources */ = {isa = PBXBuildFile; fileRef = 0AF20A31230B3D9F001C0CB1 /* SiteNewsTableViewController.swift */; };
		0AF20A35230B48AD001C0CB1 /* DiscussionViewController.swift in Sources */ = {isa = PBXBuildFile; fileRef = 0AF20A34230B48AD001C0CB1 /* DiscussionViewController.swift */; };
		0AF805C5234F43A3008D9B25 /* CourseTableViewCell.swift in Sources */ = {isa = PBXBuildFile; fileRef = 0AF805C3234F43A3008D9B25 /* CourseTableViewCell.swift */; };
		0AF805C6234F43A3008D9B25 /* CourseTableViewCell.xib in Resources */ = {isa = PBXBuildFile; fileRef = 0AF805C4234F43A3008D9B25 /* CourseTableViewCell.xib */; };
		31428B5D47EE448BA90A05E6 /* Pods_CMS_iOS.framework in Frameworks */ = {isa = PBXBuildFile; fileRef = 94C16E7BA1B34B3DCB650F95 /* Pods_CMS_iOS.framework */; };
		3B34F1132358B3B300F59536 /* Colors.xcassets in Resources */ = {isa = PBXBuildFile; fileRef = 3B34F1122358B3B300F59536 /* Colors.xcassets */; };
		E60DF836232B8AAE00E5FCA1 /* FolderContentViewController.swift in Sources */ = {isa = PBXBuildFile; fileRef = E60DF835232B8AAE00E5FCA1 /* FolderContentViewController.swift */; };
		E61F0E9A236EFEB300A9C9DA /* ColorExtension.swift in Sources */ = {isa = PBXBuildFile; fileRef = E61F0E99236EFEB200A9C9DA /* ColorExtension.swift */; };
		E695AC9A2358D4C500757AB8 /* QLPreviewItemSubclass.swift in Sources */ = {isa = PBXBuildFile; fileRef = E695AC992358D4C500757AB8 /* QLPreviewItemSubclass.swift */; };
		E6B205F7237C3FED00D0F69F /* AttributedStringFontExtension.swift in Sources */ = {isa = PBXBuildFile; fileRef = E6B205F6237C3FED00D0F69F /* AttributedStringFontExtension.swift */; };
		E6C61631235DA92000FFC2E4 /* Main.storyboard in Resources */ = {isa = PBXBuildFile; fileRef = E6C61630235DA91F00FFC2E4 /* Main.storyboard */; };
/* End PBXBuildFile section */

/* Begin PBXFileReference section */
		0A03483523166C2D00552F69 /* DiscussionTableViewController.swift */ = {isa = PBXFileReference; lastKnownFileType = sourcecode.swift; path = DiscussionTableViewController.swift; sourceTree = "<group>"; };
		0A2B03AF2305971900CC51A4 /* WebKit.framework */ = {isa = PBXFileReference; lastKnownFileType = wrapper.framework; name = WebKit.framework; path = System/Library/Frameworks/WebKit.framework; sourceTree = SDKROOT; };
		0A2B472B23083C1A005879D6 /* SearchViewController.swift */ = {isa = PBXFileReference; lastKnownFileType = sourcecode.swift; path = SearchViewController.swift; sourceTree = "<group>"; };
		0A2FD034236059A800917BE7 /* Regex.swift */ = {isa = PBXFileReference; lastKnownFileType = sourcecode.swift; path = Regex.swift; sourceTree = "<group>"; };
		0A2FD03623619E9A00917BE7 /* ExtrasTableViewCell.swift */ = {isa = PBXFileReference; lastKnownFileType = sourcecode.swift; path = ExtrasTableViewCell.swift; sourceTree = "<group>"; };
		0A2FD03723619E9A00917BE7 /* ExtrasTableViewCell.xib */ = {isa = PBXFileReference; lastKnownFileType = file.xib; path = ExtrasTableViewCell.xib; sourceTree = "<group>"; };
		0A3DEAEF22FDCA69001B6BFD /* CMS BPHC.app */ = {isa = PBXFileReference; explicitFileType = wrapper.application; includeInIndex = 0; path = "CMS BPHC.app"; sourceTree = BUILT_PRODUCTS_DIR; };
		0A3DEAF222FDCA69001B6BFD /* AppDelegate.swift */ = {isa = PBXFileReference; lastKnownFileType = sourcecode.swift; path = AppDelegate.swift; sourceTree = "<group>"; };
		0A3DEAF422FDCA69001B6BFD /* LoginViewController.swift */ = {isa = PBXFileReference; lastKnownFileType = sourcecode.swift; path = LoginViewController.swift; sourceTree = "<group>"; };
		0A3DEAFC22FDCA6A001B6BFD /* Base */ = {isa = PBXFileReference; lastKnownFileType = file.storyboard; name = Base; path = Base.lproj/LaunchScreen.storyboard; sourceTree = "<group>"; };
		0A3DEAFE22FDCA6A001B6BFD /* Info.plist */ = {isa = PBXFileReference; lastKnownFileType = text.plist.xml; path = Info.plist; sourceTree = "<group>"; };
		0A3DEB0522FDCD26001B6BFD /* SF-Pro-Display-Heavy.otf */ = {isa = PBXFileReference; lastKnownFileType = file; path = "SF-Pro-Display-Heavy.otf"; sourceTree = "<group>"; };
		0A4AF7B323819C0100C6EBA1 /* BackgroundFetch.swift */ = {isa = PBXFileReference; fileEncoding = 4; lastKnownFileType = sourcecode.swift; path = BackgroundFetch.swift; sourceTree = "<group>"; };
		0A54509223E48025009B8177 /* DiscussionTableViewCell.swift */ = {isa = PBXFileReference; lastKnownFileType = sourcecode.swift; path = DiscussionTableViewCell.swift; sourceTree = "<group>"; };
		0A54509323E48025009B8177 /* DiscussionTableViewCell.xib */ = {isa = PBXFileReference; lastKnownFileType = file.xib; path = DiscussionTableViewCell.xib; sourceTree = "<group>"; };
		0A585452230168E7008FB370 /* Constants.swift */ = {isa = PBXFileReference; lastKnownFileType = sourcecode.swift; path = Constants.swift; sourceTree = "<group>"; };
		0A5ECD7B2306A98800723365 /* AboutPageViewController.swift */ = {isa = PBXFileReference; lastKnownFileType = sourcecode.swift; path = AboutPageViewController.swift; sourceTree = "<group>"; };
		0A5ECD7D2306B23000723365 /* Discussion.swift */ = {isa = PBXFileReference; lastKnownFileType = sourcecode.swift; path = Discussion.swift; sourceTree = "<group>"; };
		0A646D7923D188150023572B /* Colours.swift */ = {isa = PBXFileReference; lastKnownFileType = sourcecode.swift; path = Colours.swift; sourceTree = "<group>"; };
		0A67E5DB23091B4700E18E99 /* EnrolmentViewController.swift */ = {isa = PBXFileReference; lastKnownFileType = sourcecode.swift; path = EnrolmentViewController.swift; sourceTree = "<group>"; };
		0A7F90BB2300753E00683867 /* DashboardViewController.swift */ = {isa = PBXFileReference; lastKnownFileType = sourcecode.swift; path = DashboardViewController.swift; sourceTree = "<group>"; };
		0A8E02D62300207900724899 /* User.swift */ = {isa = PBXFileReference; lastKnownFileType = sourcecode.swift; path = User.swift; sourceTree = "<group>"; };
		0A8EFC6423100F9D00CD6BAD /* Reachability.swift */ = {isa = PBXFileReference; lastKnownFileType = sourcecode.swift; name = Reachability.swift; path = "CMS-iOS/Support/Reachability.swift"; sourceTree = SOURCE_ROOT; };
		0A8F492A23313A3800E7A94C /* AddDiscussionViewController.swift */ = {isa = PBXFileReference; lastKnownFileType = sourcecode.swift; path = AddDiscussionViewController.swift; sourceTree = "<group>"; };
		0A9A960823572E93004ABB2F /* CBTabBarButton.swift */ = {isa = PBXFileReference; fileEncoding = 4; lastKnownFileType = sourcecode.swift; path = CBTabBarButton.swift; sourceTree = "<group>"; };
		0A9A960923572E93004ABB2F /* BubbleTabBar.swift */ = {isa = PBXFileReference; fileEncoding = 4; lastKnownFileType = sourcecode.swift; path = BubbleTabBar.swift; sourceTree = "<group>"; };
		0A9A960A23572E93004ABB2F /* BubbleTabBarController.swift */ = {isa = PBXFileReference; fileEncoding = 4; lastKnownFileType = sourcecode.swift; path = BubbleTabBarController.swift; sourceTree = "<group>"; };
		0AC33B632302153C004AE385 /* Course.swift */ = {isa = PBXFileReference; lastKnownFileType = sourcecode.swift; path = Course.swift; sourceTree = "<group>"; };
		0AC33B6623022453004AE385 /* Assets.xcassets */ = {isa = PBXFileReference; lastKnownFileType = folder.assetcatalog; path = Assets.xcassets; sourceTree = "<group>"; };
		0AC33B6823022B2C004AE385 /* CourseContentsViewController.swift */ = {isa = PBXFileReference; lastKnownFileType = sourcecode.swift; path = CourseContentsViewController.swift; sourceTree = "<group>"; };
		0AC33B6A2302EDD6004AE385 /* CourseSection.swift */ = {isa = PBXFileReference; lastKnownFileType = sourcecode.swift; path = CourseSection.swift; sourceTree = "<group>"; };
		0AC33B6C2302EF18004AE385 /* Module.swift */ = {isa = PBXFileReference; lastKnownFileType = sourcecode.swift; path = Module.swift; sourceTree = "<group>"; };
		0AC33B6E2304306C004AE385 /* ModuleViewController.swift */ = {isa = PBXFileReference; lastKnownFileType = sourcecode.swift; path = ModuleViewController.swift; sourceTree = "<group>"; };
		0AF20A2E230B2F17001C0CB1 /* ExtrasTableViewController.swift */ = {isa = PBXFileReference; lastKnownFileType = sourcecode.swift; path = ExtrasTableViewController.swift; sourceTree = "<group>"; };
		0AF20A31230B3D9F001C0CB1 /* SiteNewsTableViewController.swift */ = {isa = PBXFileReference; lastKnownFileType = sourcecode.swift; path = SiteNewsTableViewController.swift; sourceTree = "<group>"; };
		0AF20A34230B48AD001C0CB1 /* DiscussionViewController.swift */ = {isa = PBXFileReference; lastKnownFileType = sourcecode.swift; path = DiscussionViewController.swift; sourceTree = "<group>"; };
		0AF805C3234F43A3008D9B25 /* CourseTableViewCell.swift */ = {isa = PBXFileReference; lastKnownFileType = sourcecode.swift; name = CourseTableViewCell.swift; path = "CMS-iOS/New Group/CourseTableViewCell.swift"; sourceTree = SOURCE_ROOT; };
		0AF805C4234F43A3008D9B25 /* CourseTableViewCell.xib */ = {isa = PBXFileReference; lastKnownFileType = file.xib; name = CourseTableViewCell.xib; path = "CMS-iOS/New Group/CourseTableViewCell.xib"; sourceTree = SOURCE_ROOT; };
		1C4EB617C056F8D14EB41B19 /* Pods-CMS-iOS.release.xcconfig */ = {isa = PBXFileReference; includeInIndex = 1; lastKnownFileType = text.xcconfig; name = "Pods-CMS-iOS.release.xcconfig"; path = "Target Support Files/Pods-CMS-iOS/Pods-CMS-iOS.release.xcconfig"; sourceTree = "<group>"; };
		3B34F1122358B3B300F59536 /* Colors.xcassets */ = {isa = PBXFileReference; lastKnownFileType = folder.assetcatalog; path = Colors.xcassets; sourceTree = "<group>"; };
		94C16E7BA1B34B3DCB650F95 /* Pods_CMS_iOS.framework */ = {isa = PBXFileReference; explicitFileType = wrapper.framework; includeInIndex = 0; path = Pods_CMS_iOS.framework; sourceTree = BUILT_PRODUCTS_DIR; };
		A384C530B8684AA813E94380 /* Pods-CMS-iOS.debug.xcconfig */ = {isa = PBXFileReference; includeInIndex = 1; lastKnownFileType = text.xcconfig; name = "Pods-CMS-iOS.debug.xcconfig"; path = "Target Support Files/Pods-CMS-iOS/Pods-CMS-iOS.debug.xcconfig"; sourceTree = "<group>"; };
		E60DF835232B8AAE00E5FCA1 /* FolderContentViewController.swift */ = {isa = PBXFileReference; lastKnownFileType = sourcecode.swift; path = FolderContentViewController.swift; sourceTree = "<group>"; };
		E61F0E99236EFEB200A9C9DA /* ColorExtension.swift */ = {isa = PBXFileReference; lastKnownFileType = sourcecode.swift; path = ColorExtension.swift; sourceTree = "<group>"; };
		E6951E6F23EF172E00C9CC3D /* CMS BPHC.entitlements */ = {isa = PBXFileReference; lastKnownFileType = text.plist.entitlements; path = "CMS BPHC.entitlements"; sourceTree = "<group>"; };
		E695AC992358D4C500757AB8 /* QLPreviewItemSubclass.swift */ = {isa = PBXFileReference; lastKnownFileType = sourcecode.swift; path = QLPreviewItemSubclass.swift; sourceTree = "<group>"; };
		E6B205F6237C3FED00D0F69F /* AttributedStringFontExtension.swift */ = {isa = PBXFileReference; lastKnownFileType = sourcecode.swift; path = AttributedStringFontExtension.swift; sourceTree = "<group>"; };
		E6C61630235DA91F00FFC2E4 /* Main.storyboard */ = {isa = PBXFileReference; fileEncoding = 4; lastKnownFileType = file.storyboard; path = Main.storyboard; sourceTree = "<group>"; };
/* End PBXFileReference section */

/* Begin PBXFrameworksBuildPhase section */
		0A3DEAEC22FDCA69001B6BFD /* Frameworks */ = {
			isa = PBXFrameworksBuildPhase;
			buildActionMask = 2147483647;
			files = (
				31428B5D47EE448BA90A05E6 /* Pods_CMS_iOS.framework in Frameworks */,
			);
			runOnlyForDeploymentPostprocessing = 0;
		};
/* End PBXFrameworksBuildPhase section */

/* Begin PBXGroup section */
		0A3DEAE622FDCA69001B6BFD = {
			isa = PBXGroup;
			children = (
				0A3DEAF122FDCA69001B6BFD /* CMS-iOS */,
				CA6329F197F899A3DCF66141 /* Pods */,
				D102A9AAD55443ACB0B6B7DF /* Frameworks */,
				0A4AF7B223819B2100C6EBA1 /* Recovered References */,
			);
			sourceTree = "<group>";
		};
		0A3DEAF022FDCA69001B6BFD /* Products */ = {
			isa = PBXGroup;
			children = (
				0A3DEAEF22FDCA69001B6BFD /* CMS BPHC.app */,
			);
			name = Products;
			path = ..;
			sourceTree = "<group>";
		};
		0A3DEAF122FDCA69001B6BFD /* CMS-iOS */ = {
			isa = PBXGroup;
			children = (
				E6951E6F23EF172E00C9CC3D /* CMS BPHC.entitlements */,
				0A9A960723572D62004ABB2F /* BubbleTabBar */,
				0AC43B562350B11700A4ED1B /* New Group */,
				0A58544F230163E9008FB370 /* Support */,
				0A3DEB0422FDCCDA001B6BFD /* Font */,
				0A3DEAF222FDCA69001B6BFD /* AppDelegate.swift */,
				0AC33B6023020669004AE385 /* View Controllers */,
				0AC33B6523021591004AE385 /* Data Models */,
				0A3DEAFB22FDCA6A001B6BFD /* LaunchScreen.storyboard */,
				E6C61630235DA91F00FFC2E4 /* Main.storyboard */,
				0AC33B6623022453004AE385 /* Assets.xcassets */,
				0A3DEAFE22FDCA6A001B6BFD /* Info.plist */,
				3B34F1122358B3B300F59536 /* Colors.xcassets */,
				0A3DEAF022FDCA69001B6BFD /* Products */,
			);
			path = "CMS-iOS";
			sourceTree = "<group>";
		};
		0A3DEB0422FDCCDA001B6BFD /* Font */ = {
			isa = PBXGroup;
			children = (
				0A3DEB0522FDCD26001B6BFD /* SF-Pro-Display-Heavy.otf */,
			);
			path = Font;
			sourceTree = "<group>";
		};
		0A4AF7B223819B2100C6EBA1 /* Recovered References */ = {
			isa = PBXGroup;
			children = (
			);
			name = "Recovered References";
			sourceTree = "<group>";
		};
		0A58544F230163E9008FB370 /* Support */ = {
			isa = PBXGroup;
			children = (
				0A4AF7B323819C0100C6EBA1 /* BackgroundFetch.swift */,
				0A8EFC6423100F9D00CD6BAD /* Reachability.swift */,
				E61F0E99236EFEB200A9C9DA /* ColorExtension.swift */,
				E695AC992358D4C500757AB8 /* QLPreviewItemSubclass.swift */,
				0A585452230168E7008FB370 /* Constants.swift */,
				0A2FD034236059A800917BE7 /* Regex.swift */,
				E6B205F6237C3FED00D0F69F /* AttributedStringFontExtension.swift */,
				0A646D7923D188150023572B /* Colours.swift */,
			);
			path = Support;
			sourceTree = "<group>";
		};
		0A67E5DD23094CA000E18E99 /* Dashboard Tab */ = {
			isa = PBXGroup;
			children = (
				0A7F90BB2300753E00683867 /* DashboardViewController.swift */,
				0AC33B6823022B2C004AE385 /* CourseContentsViewController.swift */,
				0A03483523166C2D00552F69 /* DiscussionTableViewController.swift */,
				0AC33B6E2304306C004AE385 /* ModuleViewController.swift */,
				E60DF835232B8AAE00E5FCA1 /* FolderContentViewController.swift */,
				0A8F492A23313A3800E7A94C /* AddDiscussionViewController.swift */,
			);
			path = "Dashboard Tab";
			sourceTree = "<group>";
		};
		0A67E5DE23094CB500E18E99 /* Search Tab */ = {
			isa = PBXGroup;
			children = (
				0A2B472B23083C1A005879D6 /* SearchViewController.swift */,
				0A67E5DB23091B4700E18E99 /* EnrolmentViewController.swift */,
			);
			path = "Search Tab";
			sourceTree = "<group>";
		};
		0A9A960723572D62004ABB2F /* BubbleTabBar */ = {
			isa = PBXGroup;
			children = (
				0A9A960923572E93004ABB2F /* BubbleTabBar.swift */,
				0A9A960A23572E93004ABB2F /* BubbleTabBarController.swift */,
				0A9A960823572E93004ABB2F /* CBTabBarButton.swift */,
			);
			path = BubbleTabBar;
			sourceTree = "<group>";
		};
		0AC33B6023020669004AE385 /* View Controllers */ = {
			isa = PBXGroup;
			children = (
				0A3DEAF422FDCA69001B6BFD /* LoginViewController.swift */,
				0A67E5DD23094CA000E18E99 /* Dashboard Tab */,
				0A67E5DE23094CB500E18E99 /* Search Tab */,
				0AF20A30230B2F2A001C0CB1 /* Extras Tab */,
				0AF20A33230B455C001C0CB1 /* Site News Tab */,
			);
			path = "View Controllers";
			sourceTree = "<group>";
		};
		0AC33B6523021591004AE385 /* Data Models */ = {
			isa = PBXGroup;
			children = (
				0AC33B632302153C004AE385 /* Course.swift */,
				0A5ECD7D2306B23000723365 /* Discussion.swift */,
				0A8E02D62300207900724899 /* User.swift */,
				0AC33B6A2302EDD6004AE385 /* CourseSection.swift */,
				0AC33B6C2302EF18004AE385 /* Module.swift */,
			);
			path = "Data Models";
			sourceTree = "<group>";
		};
		0AC43B562350B11700A4ED1B /* New Group */ = {
			isa = PBXGroup;
			children = (
				0A2FD03623619E9A00917BE7 /* ExtrasTableViewCell.swift */,
				0A2FD03723619E9A00917BE7 /* ExtrasTableViewCell.xib */,
				0AF805C3234F43A3008D9B25 /* CourseTableViewCell.swift */,
				0AF805C4234F43A3008D9B25 /* CourseTableViewCell.xib */,
				0A54509223E48025009B8177 /* DiscussionTableViewCell.swift */,
				0A54509323E48025009B8177 /* DiscussionTableViewCell.xib */,
			);
			path = "New Group";
			sourceTree = "<group>";
		};
		0AF20A30230B2F2A001C0CB1 /* Extras Tab */ = {
			isa = PBXGroup;
			children = (
				0AF20A2E230B2F17001C0CB1 /* ExtrasTableViewController.swift */,
				0A5ECD7B2306A98800723365 /* AboutPageViewController.swift */,
			);
			path = "Extras Tab";
			sourceTree = "<group>";
		};
		0AF20A33230B455C001C0CB1 /* Site News Tab */ = {
			isa = PBXGroup;
			children = (
				0AF20A31230B3D9F001C0CB1 /* SiteNewsTableViewController.swift */,
				0AF20A34230B48AD001C0CB1 /* DiscussionViewController.swift */,
			);
			path = "Site News Tab";
			sourceTree = "<group>";
		};
		CA6329F197F899A3DCF66141 /* Pods */ = {
			isa = PBXGroup;
			children = (
				A384C530B8684AA813E94380 /* Pods-CMS-iOS.debug.xcconfig */,
				1C4EB617C056F8D14EB41B19 /* Pods-CMS-iOS.release.xcconfig */,
			);
			path = Pods;
			sourceTree = "<group>";
		};
		D102A9AAD55443ACB0B6B7DF /* Frameworks */ = {
			isa = PBXGroup;
			children = (
				0A2B03AF2305971900CC51A4 /* WebKit.framework */,
				94C16E7BA1B34B3DCB650F95 /* Pods_CMS_iOS.framework */,
			);
			name = Frameworks;
			sourceTree = "<group>";
		};
/* End PBXGroup section */

/* Begin PBXNativeTarget section */
		0A3DEAEE22FDCA69001B6BFD /* CMS-iOS */ = {
			isa = PBXNativeTarget;
			buildConfigurationList = 0A3DEB0122FDCA6A001B6BFD /* Build configuration list for PBXNativeTarget "CMS-iOS" */;
			buildPhases = (
				F1955234A42BB4C37A8154CE /* [CP] Check Pods Manifest.lock */,
				0A3DEAEB22FDCA69001B6BFD /* Sources */,
				0A3DEAEC22FDCA69001B6BFD /* Frameworks */,
				0A3DEAED22FDCA69001B6BFD /* Resources */,
				224B05C9C559D450D1F8B57B /* [CP] Embed Pods Frameworks */,
			);
			buildRules = (
			);
			dependencies = (
			);
			name = "CMS-iOS";
			productName = "CMS-iOS";
			productReference = 0A3DEAEF22FDCA69001B6BFD /* CMS BPHC.app */;
			productType = "com.apple.product-type.application";
		};
/* End PBXNativeTarget section */

/* Begin PBXProject section */
		0A3DEAE722FDCA69001B6BFD /* Project object */ = {
			isa = PBXProject;
			attributes = {
				LastSwiftUpdateCheck = 1030;
				LastUpgradeCheck = 1030;
				ORGANIZATIONNAME = "Hridik Punukollu";
				TargetAttributes = {
					0A3DEAEE22FDCA69001B6BFD = {
						CreatedOnToolsVersion = 10.3;
					};
				};
			};
			buildConfigurationList = 0A3DEAEA22FDCA69001B6BFD /* Build configuration list for PBXProject "CMS-iOS" */;
			compatibilityVersion = "Xcode 9.3";
			developmentRegion = en;
			hasScannedForEncodings = 0;
			knownRegions = (
				en,
				Base,
			);
			mainGroup = 0A3DEAE622FDCA69001B6BFD;
			productRefGroup = 0A3DEAF022FDCA69001B6BFD /* Products */;
			projectDirPath = "";
			projectRoot = "";
			targets = (
				0A3DEAEE22FDCA69001B6BFD /* CMS-iOS */,
			);
		};
/* End PBXProject section */

/* Begin PBXResourcesBuildPhase section */
		0A3DEAED22FDCA69001B6BFD /* Resources */ = {
			isa = PBXResourcesBuildPhase;
			buildActionMask = 2147483647;
			files = (
				E6C61631235DA92000FFC2E4 /* Main.storyboard in Resources */,
				0AF805C6234F43A3008D9B25 /* CourseTableViewCell.xib in Resources */,
				0A2FD03923619E9A00917BE7 /* ExtrasTableViewCell.xib in Resources */,
				0A54509523E48025009B8177 /* DiscussionTableViewCell.xib in Resources */,
				0A3DEAFD22FDCA6A001B6BFD /* LaunchScreen.storyboard in Resources */,
				0AC33B6723022453004AE385 /* Assets.xcassets in Resources */,
				0A3DEB0622FDCD26001B6BFD /* SF-Pro-Display-Heavy.otf in Resources */,
				3B34F1132358B3B300F59536 /* Colors.xcassets in Resources */,
			);
			runOnlyForDeploymentPostprocessing = 0;
		};
/* End PBXResourcesBuildPhase section */

/* Begin PBXShellScriptBuildPhase section */
		224B05C9C559D450D1F8B57B /* [CP] Embed Pods Frameworks */ = {
			isa = PBXShellScriptBuildPhase;
			buildActionMask = 2147483647;
			files = (
			);
			inputFileListPaths = (
				"${PODS_ROOT}/Target Support Files/Pods-CMS-iOS/Pods-CMS-iOS-frameworks-${CONFIGURATION}-input-files.xcfilelist",
			);
			name = "[CP] Embed Pods Frameworks";
			outputFileListPaths = (
				"${PODS_ROOT}/Target Support Files/Pods-CMS-iOS/Pods-CMS-iOS-frameworks-${CONFIGURATION}-output-files.xcfilelist",
			);
			runOnlyForDeploymentPostprocessing = 0;
			shellPath = /bin/sh;
			shellScript = "\"${PODS_ROOT}/Target Support Files/Pods-CMS-iOS/Pods-CMS-iOS-frameworks.sh\"\n";
			showEnvVarsInLog = 0;
		};
		F1955234A42BB4C37A8154CE /* [CP] Check Pods Manifest.lock */ = {
			isa = PBXShellScriptBuildPhase;
			buildActionMask = 2147483647;
			files = (
			);
			inputFileListPaths = (
			);
			inputPaths = (
				"${PODS_PODFILE_DIR_PATH}/Podfile.lock",
				"${PODS_ROOT}/Manifest.lock",
			);
			name = "[CP] Check Pods Manifest.lock";
			outputFileListPaths = (
			);
			outputPaths = (
				"$(DERIVED_FILE_DIR)/Pods-CMS-iOS-checkManifestLockResult.txt",
			);
			runOnlyForDeploymentPostprocessing = 0;
			shellPath = /bin/sh;
			shellScript = "diff \"${PODS_PODFILE_DIR_PATH}/Podfile.lock\" \"${PODS_ROOT}/Manifest.lock\" > /dev/null\nif [ $? != 0 ] ; then\n    # print error to STDERR\n    echo \"error: The sandbox is not in sync with the Podfile.lock. Run 'pod install' or update your CocoaPods installation.\" >&2\n    exit 1\nfi\n# This output is used by Xcode 'outputs' to avoid re-running this script phase.\necho \"SUCCESS\" > \"${SCRIPT_OUTPUT_FILE_0}\"\n";
			showEnvVarsInLog = 0;
		};
/* End PBXShellScriptBuildPhase section */

/* Begin PBXSourcesBuildPhase section */
		0A3DEAEB22FDCA69001B6BFD /* Sources */ = {
			isa = PBXSourcesBuildPhase;
			buildActionMask = 2147483647;
			files = (
				0A5ECD7E2306B23000723365 /* Discussion.swift in Sources */,
				0AC33B6F2304306C004AE385 /* ModuleViewController.swift in Sources */,
				0A8E02D72300207900724899 /* User.swift in Sources */,
				0AC33B642302153C004AE385 /* Course.swift in Sources */,
				0A9A960C23572E93004ABB2F /* BubbleTabBar.swift in Sources */,
				0A3DEAF522FDCA69001B6BFD /* LoginViewController.swift in Sources */,
				0AF805C5234F43A3008D9B25 /* CourseTableViewCell.swift in Sources */,
				0AC33B6D2302EF18004AE385 /* Module.swift in Sources */,
				0A3DEAF322FDCA69001B6BFD /* AppDelegate.swift in Sources */,
				0A9A960D23572E93004ABB2F /* BubbleTabBarController.swift in Sources */,
				0A7F90BC2300753E00683867 /* DashboardViewController.swift in Sources */,
				0A2B472C23083C1A005879D6 /* SearchViewController.swift in Sources */,
				0A646D7A23D188150023572B /* Colours.swift in Sources */,
				0A03483623166C2D00552F69 /* DiscussionTableViewController.swift in Sources */,
				0A2FD035236059A800917BE7 /* Regex.swift in Sources */,
				0AF20A35230B48AD001C0CB1 /* DiscussionViewController.swift in Sources */,
				0A5ECD7C2306A98800723365 /* AboutPageViewController.swift in Sources */,
				E61F0E9A236EFEB300A9C9DA /* ColorExtension.swift in Sources */,
				E695AC9A2358D4C500757AB8 /* QLPreviewItemSubclass.swift in Sources */,
				0A8F492B23313A3800E7A94C /* AddDiscussionViewController.swift in Sources */,
				0A585453230168E7008FB370 /* Constants.swift in Sources */,
				0A67E5DC23091B4700E18E99 /* EnrolmentViewController.swift in Sources */,
				E60DF836232B8AAE00E5FCA1 /* FolderContentViewController.swift in Sources */,
				0A9A960B23572E93004ABB2F /* CBTabBarButton.swift in Sources */,
				0A54509423E48025009B8177 /* DiscussionTableViewCell.swift in Sources */,
				0A2FD03823619E9A00917BE7 /* ExtrasTableViewCell.swift in Sources */,
				0AC33B6923022B2C004AE385 /* CourseContentsViewController.swift in Sources */,
				0A8EFC6523100F9D00CD6BAD /* Reachability.swift in Sources */,
				0AF20A2F230B2F17001C0CB1 /* ExtrasTableViewController.swift in Sources */,
				0A4AF7B423819C0100C6EBA1 /* BackgroundFetch.swift in Sources */,
				E6B205F7237C3FED00D0F69F /* AttributedStringFontExtension.swift in Sources */,
				0AC33B6B2302EDD6004AE385 /* CourseSection.swift in Sources */,
				0AF20A32230B3D9F001C0CB1 /* SiteNewsTableViewController.swift in Sources */,
			);
			runOnlyForDeploymentPostprocessing = 0;
		};
/* End PBXSourcesBuildPhase section */

/* Begin PBXVariantGroup section */
		0A3DEAFB22FDCA6A001B6BFD /* LaunchScreen.storyboard */ = {
			isa = PBXVariantGroup;
			children = (
				0A3DEAFC22FDCA6A001B6BFD /* Base */,
			);
			name = LaunchScreen.storyboard;
			sourceTree = "<group>";
		};
/* End PBXVariantGroup section */

/* Begin XCBuildConfiguration section */
		0A3DEAFF22FDCA6A001B6BFD /* Debug */ = {
			isa = XCBuildConfiguration;
			buildSettings = {
				ALWAYS_SEARCH_USER_PATHS = NO;
				CLANG_ANALYZER_NONNULL = YES;
				CLANG_ANALYZER_NUMBER_OBJECT_CONVERSION = YES_AGGRESSIVE;
				CLANG_CXX_LANGUAGE_STANDARD = "gnu++14";
				CLANG_CXX_LIBRARY = "libc++";
				CLANG_ENABLE_MODULES = YES;
				CLANG_ENABLE_OBJC_ARC = YES;
				CLANG_ENABLE_OBJC_WEAK = YES;
				CLANG_WARN_BLOCK_CAPTURE_AUTORELEASING = YES;
				CLANG_WARN_BOOL_CONVERSION = YES;
				CLANG_WARN_COMMA = YES;
				CLANG_WARN_CONSTANT_CONVERSION = YES;
				CLANG_WARN_DEPRECATED_OBJC_IMPLEMENTATIONS = YES;
				CLANG_WARN_DIRECT_OBJC_ISA_USAGE = YES_ERROR;
				CLANG_WARN_DOCUMENTATION_COMMENTS = YES;
				CLANG_WARN_EMPTY_BODY = YES;
				CLANG_WARN_ENUM_CONVERSION = YES;
				CLANG_WARN_INFINITE_RECURSION = YES;
				CLANG_WARN_INT_CONVERSION = YES;
				CLANG_WARN_NON_LITERAL_NULL_CONVERSION = YES;
				CLANG_WARN_OBJC_IMPLICIT_RETAIN_SELF = YES;
				CLANG_WARN_OBJC_LITERAL_CONVERSION = YES;
				CLANG_WARN_OBJC_ROOT_CLASS = YES_ERROR;
				CLANG_WARN_RANGE_LOOP_ANALYSIS = YES;
				CLANG_WARN_STRICT_PROTOTYPES = YES;
				CLANG_WARN_SUSPICIOUS_MOVE = YES;
				CLANG_WARN_UNGUARDED_AVAILABILITY = YES_AGGRESSIVE;
				CLANG_WARN_UNREACHABLE_CODE = YES;
				CLANG_WARN__DUPLICATE_METHOD_MATCH = YES;
				CODE_SIGN_IDENTITY = "iPhone Developer";
				COPY_PHASE_STRIP = NO;
				DEBUG_INFORMATION_FORMAT = dwarf;
				ENABLE_STRICT_OBJC_MSGSEND = YES;
				ENABLE_TESTABILITY = YES;
				GCC_C_LANGUAGE_STANDARD = gnu11;
				GCC_DYNAMIC_NO_PIC = NO;
				GCC_NO_COMMON_BLOCKS = YES;
				GCC_OPTIMIZATION_LEVEL = 0;
				GCC_PREPROCESSOR_DEFINITIONS = (
					"DEBUG=1",
					"$(inherited)",
				);
				GCC_WARN_64_TO_32_BIT_CONVERSION = YES;
				GCC_WARN_ABOUT_RETURN_TYPE = YES_ERROR;
				GCC_WARN_UNDECLARED_SELECTOR = YES;
				GCC_WARN_UNINITIALIZED_AUTOS = YES_AGGRESSIVE;
				GCC_WARN_UNUSED_FUNCTION = YES;
				GCC_WARN_UNUSED_VARIABLE = YES;
				IPHONEOS_DEPLOYMENT_TARGET = 11.0;
				MTL_ENABLE_DEBUG_INFO = INCLUDE_SOURCE;
				MTL_FAST_MATH = YES;
				ONLY_ACTIVE_ARCH = YES;
				SDKROOT = iphoneos;
				SWIFT_ACTIVE_COMPILATION_CONDITIONS = DEBUG;
				SWIFT_OPTIMIZATION_LEVEL = "-Onone";
			};
			name = Debug;
		};
		0A3DEB0022FDCA6A001B6BFD /* Release */ = {
			isa = XCBuildConfiguration;
			buildSettings = {
				ALWAYS_SEARCH_USER_PATHS = NO;
				CLANG_ANALYZER_NONNULL = YES;
				CLANG_ANALYZER_NUMBER_OBJECT_CONVERSION = YES_AGGRESSIVE;
				CLANG_CXX_LANGUAGE_STANDARD = "gnu++14";
				CLANG_CXX_LIBRARY = "libc++";
				CLANG_ENABLE_MODULES = YES;
				CLANG_ENABLE_OBJC_ARC = YES;
				CLANG_ENABLE_OBJC_WEAK = YES;
				CLANG_WARN_BLOCK_CAPTURE_AUTORELEASING = YES;
				CLANG_WARN_BOOL_CONVERSION = YES;
				CLANG_WARN_COMMA = YES;
				CLANG_WARN_CONSTANT_CONVERSION = YES;
				CLANG_WARN_DEPRECATED_OBJC_IMPLEMENTATIONS = YES;
				CLANG_WARN_DIRECT_OBJC_ISA_USAGE = YES_ERROR;
				CLANG_WARN_DOCUMENTATION_COMMENTS = YES;
				CLANG_WARN_EMPTY_BODY = YES;
				CLANG_WARN_ENUM_CONVERSION = YES;
				CLANG_WARN_INFINITE_RECURSION = YES;
				CLANG_WARN_INT_CONVERSION = YES;
				CLANG_WARN_NON_LITERAL_NULL_CONVERSION = YES;
				CLANG_WARN_OBJC_IMPLICIT_RETAIN_SELF = YES;
				CLANG_WARN_OBJC_LITERAL_CONVERSION = YES;
				CLANG_WARN_OBJC_ROOT_CLASS = YES_ERROR;
				CLANG_WARN_RANGE_LOOP_ANALYSIS = YES;
				CLANG_WARN_STRICT_PROTOTYPES = YES;
				CLANG_WARN_SUSPICIOUS_MOVE = YES;
				CLANG_WARN_UNGUARDED_AVAILABILITY = YES_AGGRESSIVE;
				CLANG_WARN_UNREACHABLE_CODE = YES;
				CLANG_WARN__DUPLICATE_METHOD_MATCH = YES;
				CODE_SIGN_IDENTITY = "iPhone Developer";
				COPY_PHASE_STRIP = NO;
				DEBUG_INFORMATION_FORMAT = "dwarf-with-dsym";
				ENABLE_NS_ASSERTIONS = NO;
				ENABLE_STRICT_OBJC_MSGSEND = YES;
				GCC_C_LANGUAGE_STANDARD = gnu11;
				GCC_NO_COMMON_BLOCKS = YES;
				GCC_WARN_64_TO_32_BIT_CONVERSION = YES;
				GCC_WARN_ABOUT_RETURN_TYPE = YES_ERROR;
				GCC_WARN_UNDECLARED_SELECTOR = YES;
				GCC_WARN_UNINITIALIZED_AUTOS = YES_AGGRESSIVE;
				GCC_WARN_UNUSED_FUNCTION = YES;
				GCC_WARN_UNUSED_VARIABLE = YES;
				IPHONEOS_DEPLOYMENT_TARGET = 11.0;
				MTL_ENABLE_DEBUG_INFO = NO;
				MTL_FAST_MATH = YES;
				SDKROOT = iphoneos;
				SWIFT_COMPILATION_MODE = wholemodule;
				SWIFT_OPTIMIZATION_LEVEL = "-O";
				VALIDATE_PRODUCT = YES;
			};
			name = Release;
		};
		0A3DEB0222FDCA6A001B6BFD /* Debug */ = {
			isa = XCBuildConfiguration;
			baseConfigurationReference = A384C530B8684AA813E94380 /* Pods-CMS-iOS.debug.xcconfig */;
			buildSettings = {
				ASSETCATALOG_COMPILER_APPICON_NAME = AppIcon;
				CODE_SIGN_ENTITLEMENTS = "CMS-iOS/CMS BPHC.entitlements";
				CODE_SIGN_STYLE = Automatic;
				CURRENT_PROJECT_VERSION = 5;
				DEVELOPMENT_TEAM = 8NXR4FCN3L;
				INFOPLIST_FILE = "CMS-iOS/Info.plist";
				IPHONEOS_DEPLOYMENT_TARGET = 11.0;
				LD_RUNPATH_SEARCH_PATHS = (
					"$(inherited)",
					"@executable_path/Frameworks",
				);
				MARKETING_VERSION = 1.2;
				PRODUCT_BUNDLE_IDENTIFIER = "com.crux-bphc.CMS-iOS";
				PRODUCT_NAME = "CMS BPHC";
				SWIFT_ENABLE_BATCH_MODE = NO;
				SWIFT_VERSION = 5.0;
				TARGETED_DEVICE_FAMILY = 1;
			};
			name = Debug;
		};
		0A3DEB0322FDCA6A001B6BFD /* Release */ = {
			isa = XCBuildConfiguration;
			baseConfigurationReference = 1C4EB617C056F8D14EB41B19 /* Pods-CMS-iOS.release.xcconfig */;
			buildSettings = {
				ASSETCATALOG_COMPILER_APPICON_NAME = AppIcon;
				CODE_SIGN_ENTITLEMENTS = "CMS-iOS/CMS BPHC.entitlements";
				CODE_SIGN_STYLE = Automatic;
				CURRENT_PROJECT_VERSION = 5;
				DEVELOPMENT_TEAM = 8NXR4FCN3L;
				INFOPLIST_FILE = "CMS-iOS/Info.plist";
				IPHONEOS_DEPLOYMENT_TARGET = 11.0;
				LD_RUNPATH_SEARCH_PATHS = (
					"$(inherited)",
					"@executable_path/Frameworks",
				);
				MARKETING_VERSION = 1.2;
				PRODUCT_BUNDLE_IDENTIFIER = "com.crux-bphc.CMS-iOS";
				PRODUCT_NAME = "CMS BPHC";
				SWIFT_ENABLE_BATCH_MODE = NO;
				SWIFT_VERSION = 5.0;
				TARGETED_DEVICE_FAMILY = 1;
			};
			name = Release;
		};
/* End XCBuildConfiguration section */

/* Begin XCConfigurationList section */
		0A3DEAEA22FDCA69001B6BFD /* Build configuration list for PBXProject "CMS-iOS" */ = {
			isa = XCConfigurationList;
			buildConfigurations = (
				0A3DEAFF22FDCA6A001B6BFD /* Debug */,
				0A3DEB0022FDCA6A001B6BFD /* Release */,
			);
			defaultConfigurationIsVisible = 0;
			defaultConfigurationName = Release;
		};
		0A3DEB0122FDCA6A001B6BFD /* Build configuration list for PBXNativeTarget "CMS-iOS" */ = {
			isa = XCConfigurationList;
			buildConfigurations = (
				0A3DEB0222FDCA6A001B6BFD /* Debug */,
				0A3DEB0322FDCA6A001B6BFD /* Release */,
			);
			defaultConfigurationIsVisible = 0;
			defaultConfigurationName = Release;
		};
/* End XCConfigurationList section */
	};
	rootObject = 0A3DEAE722FDCA69001B6BFD /* Project object */;
}
